// !$*UTF8*$!
{
	archiveVersion = 1;
	classes = {
	};
	objectVersion = 50;
	objects = {

/* Begin PBXBuildFile section */
		90D242072166AF080054436E /* AppDelegate.swift in Sources */ = {isa = PBXBuildFile; fileRef = 90D242062166AF080054436E /* AppDelegate.swift */; };
		90D242092166AF080054436E /* SelectPersonVC.swift in Sources */ = {isa = PBXBuildFile; fileRef = 90D242082166AF080054436E /* SelectPersonVC.swift */; };
		90D2420C2166AF080054436E /* Main.storyboard in Resources */ = {isa = PBXBuildFile; fileRef = 90D2420A2166AF080054436E /* Main.storyboard */; };
		90D2420E2166AF0A0054436E /* Assets.xcassets in Resources */ = {isa = PBXBuildFile; fileRef = 90D2420D2166AF0A0054436E /* Assets.xcassets */; };
		90D242112166AF0A0054436E /* LaunchScreen.storyboard in Resources */ = {isa = PBXBuildFile; fileRef = 90D2420F2166AF0A0054436E /* LaunchScreen.storyboard */; };
		90D2421B2166B3EF0054436E /* Starjhol.ttf in Resources */ = {isa = PBXBuildFile; fileRef = 90D242182166B3EF0054436E /* Starjhol.ttf */; };
		90D2421C2166B3EF0054436E /* Starjout.ttf in Resources */ = {isa = PBXBuildFile; fileRef = 90D242192166B3EF0054436E /* Starjout.ttf */; };
		90D2421D2166B3EF0054436E /* Starjedi.ttf in Resources */ = {isa = PBXBuildFile; fileRef = 90D2421A2166B3EF0054436E /* Starjedi.ttf */; };
		90D242242166C4C90054436E /* BlackBgView.swift in Sources */ = {isa = PBXBuildFile; fileRef = 90D242232166C4C90054436E /* BlackBgView.swift */; };
		90D242272166C5820054436E /* Constants.swift in Sources */ = {isa = PBXBuildFile; fileRef = 90D242262166C5820054436E /* Constants.swift */; };
/* End PBXBuildFile section */

/* Begin PBXFileReference section */
		90D242032166AF080054436E /* StarTrivia.app */ = {isa = PBXFileReference; explicitFileType = wrapper.application; includeInIndex = 0; path = StarTrivia.app; sourceTree = BUILT_PRODUCTS_DIR; };
		90D242062166AF080054436E /* AppDelegate.swift */ = {isa = PBXFileReference; lastKnownFileType = sourcecode.swift; path = AppDelegate.swift; sourceTree = "<group>"; };
		90D242082166AF080054436E /* SelectPersonVC.swift */ = {isa = PBXFileReference; lastKnownFileType = sourcecode.swift; path = SelectPersonVC.swift; sourceTree = "<group>"; };
		90D2420B2166AF080054436E /* Base */ = {isa = PBXFileReference; lastKnownFileType = file.storyboard; name = Base; path = Base.lproj/Main.storyboard; sourceTree = "<group>"; };
		90D2420D2166AF0A0054436E /* Assets.xcassets */ = {isa = PBXFileReference; lastKnownFileType = folder.assetcatalog; path = Assets.xcassets; sourceTree = "<group>"; };
		90D242102166AF0A0054436E /* Base */ = {isa = PBXFileReference; lastKnownFileType = file.storyboard; name = Base; path = Base.lproj/LaunchScreen.storyboard; sourceTree = "<group>"; };
		90D242122166AF0A0054436E /* Info.plist */ = {isa = PBXFileReference; lastKnownFileType = text.plist.xml; path = Info.plist; sourceTree = "<group>"; };
		90D242182166B3EF0054436E /* Starjhol.ttf */ = {isa = PBXFileReference; lastKnownFileType = file; path = Starjhol.ttf; sourceTree = "<group>"; };
		90D242192166B3EF0054436E /* Starjout.ttf */ = {isa = PBXFileReference; lastKnownFileType = file; path = Starjout.ttf; sourceTree = "<group>"; };
		90D2421A2166B3EF0054436E /* Starjedi.ttf */ = {isa = PBXFileReference; lastKnownFileType = file; path = Starjedi.ttf; sourceTree = "<group>"; };
		90D242232166C4C90054436E /* BlackBgView.swift */ = {isa = PBXFileReference; lastKnownFileType = sourcecode.swift; path = BlackBgView.swift; sourceTree = "<group>"; };
		90D242262166C5820054436E /* Constants.swift */ = {isa = PBXFileReference; lastKnownFileType = sourcecode.swift; path = Constants.swift; sourceTree = "<group>"; };
/* End PBXFileReference section */

/* Begin PBXFrameworksBuildPhase section */
		90D242002166AF080054436E /* Frameworks */ = {
			isa = PBXFrameworksBuildPhase;
			buildActionMask = 2147483647;
			files = (
			);
			runOnlyForDeploymentPostprocessing = 0;
		};
/* End PBXFrameworksBuildPhase section */

/* Begin PBXGroup section */
		90D241FA2166AF080054436E = {
			isa = PBXGroup;
			children = (
				90D242052166AF080054436E /* StarTrivia */,
				90D242042166AF080054436E /* Products */,
			);
			sourceTree = "<group>";
		};
		90D242042166AF080054436E /* Products */ = {
			isa = PBXGroup;
			children = (
				90D242032166AF080054436E /* StarTrivia.app */,
			);
			name = Products;
			sourceTree = "<group>";
		};
		90D242052166AF080054436E /* StarTrivia */ = {
			isa = PBXGroup;
			children = (
				90D242202166B4740054436E /* Model */,
				90D242212166B47C0054436E /* View */,
				90D242222166B4820054436E /* Controller */,
				90D242062166AF080054436E /* AppDelegate.swift */,
				90D242082166AF080054436E /* SelectPersonVC.swift */,
				90D242252166C5560054436E /* Utils */,
				90D2421F2166B4460054436E /* Resources */,
				90D2420A2166AF080054436E /* Main.storyboard */,
				90D2420D2166AF0A0054436E /* Assets.xcassets */,
				90D2420F2166AF0A0054436E /* LaunchScreen.storyboard */,
				90D242122166AF0A0054436E /* Info.plist */,
			);
			path = StarTrivia;
			sourceTree = "<group>";
		};
		90D2421E2166B4250054436E /* Fonts */ = {
			isa = PBXGroup;
			children = (
				90D2421A2166B3EF0054436E /* Starjedi.ttf */,
				90D242182166B3EF0054436E /* Starjhol.ttf */,
				90D242192166B3EF0054436E /* Starjout.ttf */,
			);
			path = Fonts;
			sourceTree = "<group>";
		};
		90D2421F2166B4460054436E /* Resources */ = {
			isa = PBXGroup;
			children = (
				90D2421E2166B4250054436E /* Fonts */,
			);
			path = Resources;
			sourceTree = "<group>";
		};
		90D242202166B4740054436E /* Model */ = {
			isa = PBXGroup;
			children = (
			);
			path = Model;
			sourceTree = "<group>";
		};
		90D242212166B47C0054436E /* View */ = {
			isa = PBXGroup;
			children = (
				90D242232166C4C90054436E /* BlackBgView.swift */,
			);
			path = View;
			sourceTree = "<group>";
		};
		90D242222166B4820054436E /* Controller */ = {
			isa = PBXGroup;
			children = (
			);
			path = Controller;
			sourceTree = "<group>";
		};
		90D242252166C5560054436E /* Utils */ = {
			isa = PBXGroup;
			children = (
				90D242262166C5820054436E /* Constants.swift */,
			);
			path = Utils;
			sourceTree = "<group>";
		};
/* End PBXGroup section */

/* Begin PBXNativeTarget section */
		90D242022166AF080054436E /* StarTrivia */ = {
			isa = PBXNativeTarget;
			buildConfigurationList = 90D242152166AF0A0054436E /* Build configuration list for PBXNativeTarget "StarTrivia" */;
			buildPhases = (
				90D241FF2166AF080054436E /* Sources */,
				90D242002166AF080054436E /* Frameworks */,
				90D242012166AF080054436E /* Resources */,
			);
			buildRules = (
			);
			dependencies = (
			);
			name = StarTrivia;
			productName = StarTrivia;
			productReference = 90D242032166AF080054436E /* StarTrivia.app */;
			productType = "com.apple.product-type.application";
		};
/* End PBXNativeTarget section */

/* Begin PBXProject section */
		90D241FB2166AF080054436E /* Project object */ = {
			isa = PBXProject;
			attributes = {
				LastSwiftUpdateCheck = 1000;
				LastUpgradeCheck = 1000;
				ORGANIZATIONNAME = "David Bratton";
				TargetAttributes = {
					90D242022166AF080054436E = {
						CreatedOnToolsVersion = 10.0;
					};
				};
			};
			buildConfigurationList = 90D241FE2166AF080054436E /* Build configuration list for PBXProject "StarTrivia" */;
			compatibilityVersion = "Xcode 9.3";
			developmentRegion = en;
			hasScannedForEncodings = 0;
			knownRegions = (
				en,
				Base,
			);
			mainGroup = 90D241FA2166AF080054436E;
			productRefGroup = 90D242042166AF080054436E /* Products */;
			projectDirPath = "";
			projectRoot = "";
			targets = (
				90D242022166AF080054436E /* StarTrivia */,
			);
		};
/* End PBXProject section */

/* Begin PBXResourcesBuildPhase section */
		90D242012166AF080054436E /* Resources */ = {
			isa = PBXResourcesBuildPhase;
			buildActionMask = 2147483647;
			files = (
				90D242112166AF0A0054436E /* LaunchScreen.storyboard in Resources */,
				90D2420E2166AF0A0054436E /* Assets.xcassets in Resources */,
				90D2420C2166AF080054436E /* Main.storyboard in Resources */,
				90D2421C2166B3EF0054436E /* Starjout.ttf in Resources */,
				90D2421D2166B3EF0054436E /* Starjedi.ttf in Resources */,
				90D2421B2166B3EF0054436E /* Starjhol.ttf in Resources */,
			);
			runOnlyForDeploymentPostprocessing = 0;
		};
/* End PBXResourcesBuildPhase section */

/* Begin PBXSourcesBuildPhase section */
		90D241FF2166AF080054436E /* Sources */ = {
			isa = PBXSourcesBuildPhase;
			buildActionMask = 2147483647;
			files = (
				90D242092166AF080054436E /* SelectPersonVC.swift in Sources */,
				90D242072166AF080054436E /* AppDelegate.swift in Sources */,
				90D242242166C4C90054436E /* BlackBgView.swift in Sources */,
				90D242272166C5820054436E /* Constants.swift in Sources */,
			);
			runOnlyForDeploymentPostprocessing = 0;
		};
/* End PBXSourcesBuildPhase section */

/* Begin PBXVariantGroup section */
		90D2420A2166AF080054436E /* Main.storyboard */ = {
			isa = PBXVariantGroup;
			children = (
				90D2420B2166AF080054436E /* Base */,
			);
			name = Main.storyboard;
			sourceTree = "<group>";
		};
		90D2420F2166AF0A0054436E /* LaunchScreen.storyboard */ = {
			isa = PBXVariantGroup;
			children = (
				90D242102166AF0A0054436E /* Base */,
			);
			name = LaunchScreen.storyboard;
			sourceTree = "<group>";
		};
/* End PBXVariantGroup section */

/* Begin XCBuildConfiguration section */
		90D242132166AF0A0054436E /* Debug */ = {
			isa = XCBuildConfiguration;
			buildSettings = {
				ALWAYS_SEARCH_USER_PATHS = NO;
				CLANG_ANALYZER_NONNULL = YES;
				CLANG_ANALYZER_NUMBER_OBJECT_CONVERSION = YES_AGGRESSIVE;
				CLANG_CXX_LANGUAGE_STANDARD = "gnu++14";
				CLANG_CXX_LIBRARY = "libc++";
				CLANG_ENABLE_MODULES = YES;
				CLANG_ENABLE_OBJC_ARC = YES;
				CLANG_ENABLE_OBJC_WEAK = YES;
				CLANG_WARN_BLOCK_CAPTURE_AUTORELEASING = YES;
				CLANG_WARN_BOOL_CONVERSION = YES;
				CLANG_WARN_COMMA = YES;
				CLANG_WARN_CONSTANT_CONVERSION = YES;
				CLANG_WARN_DEPRECATED_OBJC_IMPLEMENTATIONS = YES;
				CLANG_WARN_DIRECT_OBJC_ISA_USAGE = YES_ERROR;
				CLANG_WARN_DOCUMENTATION_COMMENTS = YES;
				CLANG_WARN_EMPTY_BODY = YES;
				CLANG_WARN_ENUM_CONVERSION = YES;
				CLANG_WARN_INFINITE_RECURSION = YES;
				CLANG_WARN_INT_CONVERSION = YES;
				CLANG_WARN_NON_LITERAL_NULL_CONVERSION = YES;
				CLANG_WARN_OBJC_IMPLICIT_RETAIN_SELF = YES;
				CLANG_WARN_OBJC_LITERAL_CONVERSION = YES;
				CLANG_WARN_OBJC_ROOT_CLASS = YES_ERROR;
				CLANG_WARN_RANGE_LOOP_ANALYSIS = YES;
				CLANG_WARN_STRICT_PROTOTYPES = YES;
				CLANG_WARN_SUSPICIOUS_MOVE = YES;
				CLANG_WARN_UNGUARDED_AVAILABILITY = YES_AGGRESSIVE;
				CLANG_WARN_UNREACHABLE_CODE = YES;
				CLANG_WARN__DUPLICATE_METHOD_MATCH = YES;
				CODE_SIGN_IDENTITY = "iPhone Developer";
				COPY_PHASE_STRIP = NO;
				DEBUG_INFORMATION_FORMAT = dwarf;
				ENABLE_STRICT_OBJC_MSGSEND = YES;
				ENABLE_TESTABILITY = YES;
				GCC_C_LANGUAGE_STANDARD = gnu11;
				GCC_DYNAMIC_NO_PIC = NO;
				GCC_NO_COMMON_BLOCKS = YES;
				GCC_OPTIMIZATION_LEVEL = 0;
				GCC_PREPROCESSOR_DEFINITIONS = (
					"DEBUG=1",
					"$(inherited)",
				);
				GCC_WARN_64_TO_32_BIT_CONVERSION = YES;
				GCC_WARN_ABOUT_RETURN_TYPE = YES_ERROR;
				GCC_WARN_UNDECLARED_SELECTOR = YES;
				GCC_WARN_UNINITIALIZED_AUTOS = YES_AGGRESSIVE;
				GCC_WARN_UNUSED_FUNCTION = YES;
				GCC_WARN_UNUSED_VARIABLE = YES;
				IPHONEOS_DEPLOYMENT_TARGET = 12.0;
				MTL_ENABLE_DEBUG_INFO = INCLUDE_SOURCE;
				MTL_FAST_MATH = YES;
				ONLY_ACTIVE_ARCH = YES;
				SDKROOT = iphoneos;
				SWIFT_ACTIVE_COMPILATION_CONDITIONS = DEBUG;
				SWIFT_OPTIMIZATION_LEVEL = "-Onone";
			};
			name = Debug;
		};
		90D242142166AF0A0054436E /* Release */ = {
			isa = XCBuildConfiguration;
			buildSettings = {
				ALWAYS_SEARCH_USER_PATHS = NO;
				CLANG_ANALYZER_NONNULL = YES;
				CLANG_ANALYZER_NUMBER_OBJECT_CONVERSION = YES_AGGRESSIVE;
				CLANG_CXX_LANGUAGE_STANDARD = "gnu++14";
				CLANG_CXX_LIBRARY = "libc++";
				CLANG_ENABLE_MODULES = YES;
				CLANG_ENABLE_OBJC_ARC = YES;
				CLANG_ENABLE_OBJC_WEAK = YES;
				CLANG_WARN_BLOCK_CAPTURE_AUTORELEASING = YES;
				CLANG_WARN_BOOL_CONVERSION = YES;
				CLANG_WARN_COMMA = YES;
				CLANG_WARN_CONSTANT_CONVERSION = YES;
				CLANG_WARN_DEPRECATED_OBJC_IMPLEMENTATIONS = YES;
				CLANG_WARN_DIRECT_OBJC_ISA_USAGE = YES_ERROR;
				CLANG_WARN_DOCUMENTATION_COMMENTS = YES;
				CLANG_WARN_EMPTY_BODY = YES;
				CLANG_WARN_ENUM_CONVERSION = YES;
				CLANG_WARN_INFINITE_RECURSION = YES;
				CLANG_WARN_INT_CONVERSION = YES;
				CLANG_WARN_NON_LITERAL_NULL_CONVERSION = YES;
				CLANG_WARN_OBJC_IMPLICIT_RETAIN_SELF = YES;
				CLANG_WARN_OBJC_LITERAL_CONVERSION = YES;
				CLANG_WARN_OBJC_ROOT_CLASS = YES_ERROR;
				CLANG_WARN_RANGE_LOOP_ANALYSIS = YES;
				CLANG_WARN_STRICT_PROTOTYPES = YES;
				CLANG_WARN_SUSPICIOUS_MOVE = YES;
				CLANG_WARN_UNGUARDED_AVAILABILITY = YES_AGGRESSIVE;
				CLANG_WARN_UNREACHABLE_CODE = YES;
				CLANG_WARN__DUPLICATE_METHOD_MATCH = YES;
				CODE_SIGN_IDENTITY = "iPhone Developer";
				COPY_PHASE_STRIP = NO;
				DEBUG_INFORMATION_FORMAT = "dwarf-with-dsym";
				ENABLE_NS_ASSERTIONS = NO;
				ENABLE_STRICT_OBJC_MSGSEND = YES;
				GCC_C_LANGUAGE_STANDARD = gnu11;
				GCC_NO_COMMON_BLOCKS = YES;
				GCC_WARN_64_TO_32_BIT_CONVERSION = YES;
				GCC_WARN_ABOUT_RETURN_TYPE = YES_ERROR;
				GCC_WARN_UNDECLARED_SELECTOR = YES;
				GCC_WARN_UNINITIALIZED_AUTOS = YES_AGGRESSIVE;
				GCC_WARN_UNUSED_FUNCTION = YES;
				GCC_WARN_UNUSED_VARIABLE = YES;
				IPHONEOS_DEPLOYMENT_TARGET = 12.0;
				MTL_ENABLE_DEBUG_INFO = NO;
				MTL_FAST_MATH = YES;
				SDKROOT = iphoneos;
				SWIFT_COMPILATION_MODE = wholemodule;
				SWIFT_OPTIMIZATION_LEVEL = "-O";
				VALIDATE_PRODUCT = YES;
			};
			name = Release;
		};
		90D242162166AF0A0054436E /* Debug */ = {
			isa = XCBuildConfiguration;
			buildSettings = {
				ASSETCATALOG_COMPILER_APPICON_NAME = AppIcon;
				CODE_SIGN_STYLE = Automatic;
				DEVELOPMENT_TEAM = 38CU8Z7F4U;
				INFOPLIST_FILE = StarTrivia/Info.plist;
				LD_RUNPATH_SEARCH_PATHS = (
					"$(inherited)",
					"@executable_path/Frameworks",
				);
				PRODUCT_BUNDLE_IDENTIFIER = com.davidbratton.StarTrivia;
				PRODUCT_NAME = "$(TARGET_NAME)";
				SWIFT_VERSION = 4.2;
				TARGETED_DEVICE_FAMILY = "1,2";
			};
			name = Debug;
		};
		90D242172166AF0A0054436E /* Release */ = {
			isa = XCBuildConfiguration;
			buildSettings = {
				ASSETCATALOG_COMPILER_APPICON_NAME = AppIcon;
				CODE_SIGN_STYLE = Automatic;
				DEVELOPMENT_TEAM = 38CU8Z7F4U;
				INFOPLIST_FILE = StarTrivia/Info.plist;
				LD_RUNPATH_SEARCH_PATHS = (
					"$(inherited)",
					"@executable_path/Frameworks",
				);
				PRODUCT_BUNDLE_IDENTIFIER = com.davidbratton.StarTrivia;
				PRODUCT_NAME = "$(TARGET_NAME)";
				SWIFT_VERSION = 4.2;
				TARGETED_DEVICE_FAMILY = "1,2";
			};
			name = Release;
		};
/* End XCBuildConfiguration section */

/* Begin XCConfigurationList section */
		90D241FE2166AF080054436E /* Build configuration list for PBXProject "StarTrivia" */ = {
			isa = XCConfigurationList;
			buildConfigurations = (
				90D242132166AF0A0054436E /* Debug */,
				90D242142166AF0A0054436E /* Release */,
			);
			defaultConfigurationIsVisible = 0;
			defaultConfigurationName = Release;
		};
		90D242152166AF0A0054436E /* Build configuration list for PBXNativeTarget "StarTrivia" */ = {
			isa = XCConfigurationList;
			buildConfigurations = (
				90D242162166AF0A0054436E /* Debug */,
				90D242172166AF0A0054436E /* Release */,
			);
			defaultConfigurationIsVisible = 0;
			defaultConfigurationName = Release;
		};
/* End XCConfigurationList section */
	};
	rootObject = 90D241FB2166AF080054436E /* Project object */;
}
